
Microsoft Visual Studio Solution File, Format Version 12.00
# Visual Studio Version 16
VisualStudioVersion = 16.0.30517.126
MinimumVisualStudioVersion = 10.0.40219.1
Project("{9A19103F-16F7-4668-BE54-9A1E7A4F7556}") = "The_Game", "The_Game\The_Game.csproj", "{DFFDC072-E3B5-414B-9AFE-DC702A3C8CD9}"
EndProject
Project("{FAE04EC0-301F-11D3-BF4B-00C04F79EFBC}") = "The_Game_Client", "The_Game_Client\The_Game_Client.csproj", "{C1B66036-54EC-4A51-A06C-F47D035B72BD}"
EndProject
Global
	GlobalSection(SolutionConfigurationPlatforms) = preSolution
		Debug|Any CPU = Debug|Any CPU
		Release|Any CPU = Release|Any CPU
	EndGlobalSection
	GlobalSection(ProjectConfigurationPlatforms) = postSolution
		{DFFDC072-E3B5-414B-9AFE-DC702A3C8CD9}.Debug|Any CPU.ActiveCfg = Debug|Any CPU
		{DFFDC072-E3B5-414B-9AFE-DC702A3C8CD9}.Debug|Any CPU.Build.0 = Debug|Any CPU
		{DFFDC072-E3B5-414B-9AFE-DC702A3C8CD9}.Release|Any CPU.ActiveCfg = Release|Any CPU
		{DFFDC072-E3B5-414B-9AFE-DC702A3C8CD9}.Release|Any CPU.Build.0 = Release|Any CPU
		{C1B66036-54EC-4A51-A06C-F47D035B72BD}.Debug|Any CPU.ActiveCfg = Debug|Any CPU
		{C1B66036-54EC-4A51-A06C-F47D035B72BD}.Debug|Any CPU.Build.0 = Debug|Any CPU
		{C1B66036-54EC-4A51-A06C-F47D035B72BD}.Release|Any CPU.ActiveCfg = Release|Any CPU
		{C1B66036-54EC-4A51-A06C-F47D035B72BD}.Release|Any CPU.Build.0 = Release|Any CPU
	EndGlobalSection
	GlobalSection(SolutionProperties) = preSolution
		HideSolutionNode = FALSE
	EndGlobalSection
	GlobalSection(ExtensibilityGlobals) = postSolution
		SolutionGuid = {264C739F-B849-46A8-B61E-F7698A1FE41F}
	EndGlobalSection
EndGlobal
